// !$*UTF8*$!
{
	archiveVersion = 1;
	classes = {
	};
	objectVersion = 54;
	objects = {

/* Begin PBXBuildFile section */
		1370F9C1258A71E40094D43C /* LICENSE in Resources */ = {isa = PBXBuildFile; fileRef = 1370F9C0258A71E40094D43C /* LICENSE */; };
		1370F9C8258A96950094D43C /* README.md in Resources */ = {isa = PBXBuildFile; fileRef = 1370F9C7258A96950094D43C /* README.md */; };
		13D6F73F258A4A29007DC4D0 /* QRcoderApp.swift in Sources */ = {isa = PBXBuildFile; fileRef = 13D6F73E258A4A29007DC4D0 /* QRcoderApp.swift */; };
		13D6F741258A4A29007DC4D0 /* ContentView.swift in Sources */ = {isa = PBXBuildFile; fileRef = 13D6F740258A4A29007DC4D0 /* ContentView.swift */; };
		13D6F743258A4A2B007DC4D0 /* Assets.xcassets in Resources */ = {isa = PBXBuildFile; fileRef = 13D6F742258A4A2B007DC4D0 /* Assets.xcassets */; };
		13D6F746258A4A2B007DC4D0 /* Preview Assets.xcassets in Resources */ = {isa = PBXBuildFile; fileRef = 13D6F745258A4A2B007DC4D0 /* Preview Assets.xcassets */; };
		192F5BF226EDE99D009F4D26 /* ShareSheet.swift in Sources */ = {isa = PBXBuildFile; fileRef = 192F5BF126EDE99D009F4D26 /* ShareSheet.swift */; };
		192F5BF426EDF74A009F4D26 /* ContentViewModel.swift in Sources */ = {isa = PBXBuildFile; fileRef = 192F5BF326EDF74A009F4D26 /* ContentViewModel.swift */; };
/* End PBXBuildFile section */

/* Begin PBXFileReference section */
		1370F9C0258A71E40094D43C /* LICENSE */ = {isa = PBXFileReference; lastKnownFileType = text; path = LICENSE; sourceTree = "<group>"; };
		1370F9C7258A96950094D43C /* README.md */ = {isa = PBXFileReference; lastKnownFileType = net.daringfireball.markdown; path = README.md; sourceTree = "<group>"; };
		13D6F73B258A4A29007DC4D0 /* QRcoder.app */ = {isa = PBXFileReference; explicitFileType = wrapper.application; includeInIndex = 0; path = QRcoder.app; sourceTree = BUILT_PRODUCTS_DIR; };
		13D6F73E258A4A29007DC4D0 /* QRcoderApp.swift */ = {isa = PBXFileReference; lastKnownFileType = sourcecode.swift; path = QRcoderApp.swift; sourceTree = "<group>"; };
		13D6F740258A4A29007DC4D0 /* ContentView.swift */ = {isa = PBXFileReference; lastKnownFileType = sourcecode.swift; path = ContentView.swift; sourceTree = "<group>"; };
		13D6F742258A4A2B007DC4D0 /* Assets.xcassets */ = {isa = PBXFileReference; lastKnownFileType = folder.assetcatalog; path = Assets.xcassets; sourceTree = "<group>"; };
		13D6F745258A4A2B007DC4D0 /* Preview Assets.xcassets */ = {isa = PBXFileReference; lastKnownFileType = folder.assetcatalog; path = "Preview Assets.xcassets"; sourceTree = "<group>"; };
		13D6F747258A4A2B007DC4D0 /* Info.plist */ = {isa = PBXFileReference; lastKnownFileType = text.plist.xml; path = Info.plist; sourceTree = "<group>"; };
		13D6F74F258A4AD6007DC4D0 /* QRcoder.entitlements */ = {isa = PBXFileReference; lastKnownFileType = text.plist.entitlements; path = QRcoder.entitlements; sourceTree = "<group>"; };
		192F5BF126EDE99D009F4D26 /* ShareSheet.swift */ = {isa = PBXFileReference; fileEncoding = 4; lastKnownFileType = sourcecode.swift; path = ShareSheet.swift; sourceTree = "<group>"; };
		192F5BF326EDF74A009F4D26 /* ContentViewModel.swift */ = {isa = PBXFileReference; lastKnownFileType = sourcecode.swift; path = ContentViewModel.swift; sourceTree = "<group>"; };
/* End PBXFileReference section */

/* Begin PBXFrameworksBuildPhase section */
		13D6F738258A4A29007DC4D0 /* Frameworks */ = {
			isa = PBXFrameworksBuildPhase;
			buildActionMask = 2147483647;
			files = (
			);
			runOnlyForDeploymentPostprocessing = 0;
		};
/* End PBXFrameworksBuildPhase section */

/* Begin PBXGroup section */
		13D6F732258A4A29007DC4D0 = {
			isa = PBXGroup;
			children = (
				1370F9C7258A96950094D43C /* README.md */,
				1370F9C0258A71E40094D43C /* LICENSE */,
				13D6F73D258A4A29007DC4D0 /* QRcoder */,
				13D6F73C258A4A29007DC4D0 /* Products */,
			);
			sourceTree = "<group>";
		};
		13D6F73C258A4A29007DC4D0 /* Products */ = {
			isa = PBXGroup;
			children = (
				13D6F73B258A4A29007DC4D0 /* QRcoder.app */,
			);
			name = Products;
			sourceTree = "<group>";
		};
		13D6F73D258A4A29007DC4D0 /* QRcoder */ = {
			isa = PBXGroup;
			children = (
				13D6F74F258A4AD6007DC4D0 /* QRcoder.entitlements */,
				13D6F73E258A4A29007DC4D0 /* QRcoderApp.swift */,
				13D6F740258A4A29007DC4D0 /* ContentView.swift */,
				192F5BF326EDF74A009F4D26 /* ContentViewModel.swift */,
				192F5BF126EDE99D009F4D26 /* ShareSheet.swift */,
				13D6F742258A4A2B007DC4D0 /* Assets.xcassets */,
				13D6F747258A4A2B007DC4D0 /* Info.plist */,
				13D6F744258A4A2B007DC4D0 /* Preview Content */,
			);
			path = QRcoder;
			sourceTree = "<group>";
		};
		13D6F744258A4A2B007DC4D0 /* Preview Content */ = {
			isa = PBXGroup;
			children = (
				13D6F745258A4A2B007DC4D0 /* Preview Assets.xcassets */,
			);
			path = "Preview Content";
			sourceTree = "<group>";
		};
/* End PBXGroup section */

/* Begin PBXNativeTarget section */
		13D6F73A258A4A29007DC4D0 /* QRcoder */ = {
			isa = PBXNativeTarget;
			buildConfigurationList = 13D6F74A258A4A2B007DC4D0 /* Build configuration list for PBXNativeTarget "QRcoder" */;
			buildPhases = (
				13D6F737258A4A29007DC4D0 /* Sources */,
				13D6F738258A4A29007DC4D0 /* Frameworks */,
				13D6F739258A4A29007DC4D0 /* Resources */,
			);
			buildRules = (
			);
			dependencies = (
			);
			name = QRcoder;
			productName = QRcoder;
			productReference = 13D6F73B258A4A29007DC4D0 /* QRcoder.app */;
			productType = "com.apple.product-type.application";
		};
/* End PBXNativeTarget section */

/* Begin PBXProject section */
		13D6F733258A4A29007DC4D0 /* Project object */ = {
			isa = PBXProject;
			attributes = {
				BuildIndependentTargetsInParallel = YES;
				LastSwiftUpdateCheck = 1230;
				LastUpgradeCheck = 1630;
				TargetAttributes = {
					13D6F73A258A4A29007DC4D0 = {
						CreatedOnToolsVersion = 12.3;
					};
				};
			};
			buildConfigurationList = 13D6F736258A4A29007DC4D0 /* Build configuration list for PBXProject "QRcoder" */;
			compatibilityVersion = "Xcode 9.3";
			developmentRegion = en;
			hasScannedForEncodings = 0;
			knownRegions = (
				en,
				Base,
			);
			mainGroup = 13D6F732258A4A29007DC4D0;
			productRefGroup = 13D6F73C258A4A29007DC4D0 /* Products */;
			projectDirPath = "";
			projectRoot = "";
			targets = (
				13D6F73A258A4A29007DC4D0 /* QRcoder */,
			);
		};
/* End PBXProject section */

/* Begin PBXResourcesBuildPhase section */
		13D6F739258A4A29007DC4D0 /* Resources */ = {
			isa = PBXResourcesBuildPhase;
			buildActionMask = 2147483647;
			files = (
				1370F9C1258A71E40094D43C /* LICENSE in Resources */,
				13D6F746258A4A2B007DC4D0 /* Preview Assets.xcassets in Resources */,
				1370F9C8258A96950094D43C /* README.md in Resources */,
				13D6F743258A4A2B007DC4D0 /* Assets.xcassets in Resources */,
			);
			runOnlyForDeploymentPostprocessing = 0;
		};
/* End PBXResourcesBuildPhase section */

/* Begin PBXSourcesBuildPhase section */
		13D6F737258A4A29007DC4D0 /* Sources */ = {
			isa = PBXSourcesBuildPhase;
			buildActionMask = 2147483647;
			files = (
				192F5BF426EDF74A009F4D26 /* ContentViewModel.swift in Sources */,
				13D6F741258A4A29007DC4D0 /* ContentView.swift in Sources */,
				13D6F73F258A4A29007DC4D0 /* QRcoderApp.swift in Sources */,
				192F5BF226EDE99D009F4D26 /* ShareSheet.swift in Sources */,
			);
			runOnlyForDeploymentPostprocessing = 0;
		};
/* End PBXSourcesBuildPhase section */

/* Begin XCBuildConfiguration section */
		13D6F748258A4A2B007DC4D0 /* Debug */ = {
			isa = XCBuildConfiguration;
			buildSettings = {
				ALWAYS_SEARCH_USER_PATHS = NO;
				CLANG_ANALYZER_NONNULL = YES;
				CLANG_ANALYZER_NUMBER_OBJECT_CONVERSION = YES_AGGRESSIVE;
				CLANG_CXX_LANGUAGE_STANDARD = "gnu++14";
				CLANG_CXX_LIBRARY = "libc++";
				CLANG_ENABLE_MODULES = YES;
				CLANG_ENABLE_OBJC_ARC = YES;
				CLANG_ENABLE_OBJC_WEAK = YES;
				CLANG_WARN_BLOCK_CAPTURE_AUTORELEASING = YES;
				CLANG_WARN_BOOL_CONVERSION = YES;
				CLANG_WARN_COMMA = YES;
				CLANG_WARN_CONSTANT_CONVERSION = YES;
				CLANG_WARN_DEPRECATED_OBJC_IMPLEMENTATIONS = YES;
				CLANG_WARN_DIRECT_OBJC_ISA_USAGE = YES_ERROR;
				CLANG_WARN_DOCUMENTATION_COMMENTS = YES;
				CLANG_WARN_EMPTY_BODY = YES;
				CLANG_WARN_ENUM_CONVERSION = YES;
				CLANG_WARN_INFINITE_RECURSION = YES;
				CLANG_WARN_INT_CONVERSION = YES;
				CLANG_WARN_NON_LITERAL_NULL_CONVERSION = YES;
				CLANG_WARN_OBJC_IMPLICIT_RETAIN_SELF = YES;
				CLANG_WARN_OBJC_LITERAL_CONVERSION = YES;
				CLANG_WARN_OBJC_ROOT_CLASS = YES_ERROR;
				CLANG_WARN_QUOTED_INCLUDE_IN_FRAMEWORK_HEADER = YES;
				CLANG_WARN_RANGE_LOOP_ANALYSIS = YES;
				CLANG_WARN_STRICT_PROTOTYPES = YES;
				CLANG_WARN_SUSPICIOUS_MOVE = YES;
				CLANG_WARN_UNGUARDED_AVAILABILITY = YES_AGGRESSIVE;
				CLANG_WARN_UNREACHABLE_CODE = YES;
				CLANG_WARN__DUPLICATE_METHOD_MATCH = YES;
				COPY_PHASE_STRIP = NO;
				DEBUG_INFORMATION_FORMAT = dwarf;
				DEVELOPMENT_TEAM = 2AD47BTDQ6;
				ENABLE_STRICT_OBJC_MSGSEND = YES;
				ENABLE_TESTABILITY = YES;
				ENABLE_USER_SCRIPT_SANDBOXING = YES;
				GCC_C_LANGUAGE_STANDARD = gnu11;
				GCC_DYNAMIC_NO_PIC = NO;
				GCC_NO_COMMON_BLOCKS = YES;
				GCC_OPTIMIZATION_LEVEL = 0;
				GCC_PREPROCESSOR_DEFINITIONS = (
					"DEBUG=1",
					"$(inherited)",
				);
				GCC_WARN_64_TO_32_BIT_CONVERSION = YES;
				GCC_WARN_ABOUT_RETURN_TYPE = YES_ERROR;
				GCC_WARN_UNDECLARED_SELECTOR = YES;
				GCC_WARN_UNINITIALIZED_AUTOS = YES_AGGRESSIVE;
				GCC_WARN_UNUSED_FUNCTION = YES;
				GCC_WARN_UNUSED_VARIABLE = YES;
				IPHONEOS_DEPLOYMENT_TARGET = 14.7;
				MTL_ENABLE_DEBUG_INFO = INCLUDE_SOURCE;
				MTL_FAST_MATH = YES;
				ONLY_ACTIVE_ARCH = YES;
				SDKROOT = iphoneos;
				SWIFT_ACTIVE_COMPILATION_CONDITIONS = DEBUG;
				SWIFT_OPTIMIZATION_LEVEL = "-Onone";
			};
			name = Debug;
		};
		13D6F749258A4A2B007DC4D0 /* Release */ = {
			isa = XCBuildConfiguration;
			buildSettings = {
				ALWAYS_SEARCH_USER_PATHS = NO;
				CLANG_ANALYZER_NONNULL = YES;
				CLANG_ANALYZER_NUMBER_OBJECT_CONVERSION = YES_AGGRESSIVE;
				CLANG_CXX_LANGUAGE_STANDARD = "gnu++14";
				CLANG_CXX_LIBRARY = "libc++";
				CLANG_ENABLE_MODULES = YES;
				CLANG_ENABLE_OBJC_ARC = YES;
				CLANG_ENABLE_OBJC_WEAK = YES;
				CLANG_WARN_BLOCK_CAPTURE_AUTORELEASING = YES;
				CLANG_WARN_BOOL_CONVERSION = YES;
				CLANG_WARN_COMMA = YES;
				CLANG_WARN_CONSTANT_CONVERSION = YES;
				CLANG_WARN_DEPRECATED_OBJC_IMPLEMENTATIONS = YES;
				CLANG_WARN_DIRECT_OBJC_ISA_USAGE = YES_ERROR;
				CLANG_WARN_DOCUMENTATION_COMMENTS = YES;
				CLANG_WARN_EMPTY_BODY = YES;
				CLANG_WARN_ENUM_CONVERSION = YES;
				CLANG_WARN_INFINITE_RECURSION = YES;
				CLANG_WARN_INT_CONVERSION = YES;
				CLANG_WARN_NON_LITERAL_NULL_CONVERSION = YES;
				CLANG_WARN_OBJC_IMPLICIT_RETAIN_SELF = YES;
				CLANG_WARN_OBJC_LITERAL_CONVERSION = YES;
				CLANG_WARN_OBJC_ROOT_CLASS = YES_ERROR;
				CLANG_WARN_QUOTED_INCLUDE_IN_FRAMEWORK_HEADER = YES;
				CLANG_WARN_RANGE_LOOP_ANALYSIS = YES;
				CLANG_WARN_STRICT_PROTOTYPES = YES;
				CLANG_WARN_SUSPICIOUS_MOVE = YES;
				CLANG_WARN_UNGUARDED_AVAILABILITY = YES_AGGRESSIVE;
				CLANG_WARN_UNREACHABLE_CODE = YES;
				CLANG_WARN__DUPLICATE_METHOD_MATCH = YES;
				COPY_PHASE_STRIP = NO;
				DEBUG_INFORMATION_FORMAT = "dwarf-with-dsym";
				DEVELOPMENT_TEAM = 2AD47BTDQ6;
				ENABLE_NS_ASSERTIONS = NO;
				ENABLE_STRICT_OBJC_MSGSEND = YES;
				ENABLE_USER_SCRIPT_SANDBOXING = YES;
				GCC_C_LANGUAGE_STANDARD = gnu11;
				GCC_NO_COMMON_BLOCKS = YES;
				GCC_WARN_64_TO_32_BIT_CONVERSION = YES;
				GCC_WARN_ABOUT_RETURN_TYPE = YES_ERROR;
				GCC_WARN_UNDECLARED_SELECTOR = YES;
				GCC_WARN_UNINITIALIZED_AUTOS = YES_AGGRESSIVE;
				GCC_WARN_UNUSED_FUNCTION = YES;
				GCC_WARN_UNUSED_VARIABLE = YES;
				IPHONEOS_DEPLOYMENT_TARGET = 14.7;
				MTL_ENABLE_DEBUG_INFO = NO;
				MTL_FAST_MATH = YES;
				SDKROOT = iphoneos;
				SWIFT_COMPILATION_MODE = wholemodule;
				SWIFT_OPTIMIZATION_LEVEL = "-O";
				VALIDATE_PRODUCT = YES;
			};
			name = Release;
		};
		13D6F74B258A4A2B007DC4D0 /* Debug */ = {
			isa = XCBuildConfiguration;
			buildSettings = {
				ASSETCATALOG_COMPILER_APPICON_NAME = AppIcon;
				ASSETCATALOG_COMPILER_GLOBAL_ACCENT_COLOR_NAME = AccentColor;
				CODE_SIGN_ENTITLEMENTS = QRcoder/QRcoder.entitlements;
				CURRENT_PROJECT_VERSION = 5;
				DEVELOPMENT_ASSET_PATHS = "\"QRcoder/Preview Content\"";
				ENABLE_PREVIEWS = YES;
				INFOPLIST_FILE = QRcoder/Info.plist;
				INFOPLIST_KEY_LSApplicationCategoryType = "public.app-category.utilities";
				IPHONEOS_DEPLOYMENT_TARGET = 15.6;
				LD_RUNPATH_SEARCH_PATHS = (
					"$(inherited)",
					"@executable_path/Frameworks",
				);
				MARKETING_VERSION = 1.2;
				PRODUCT_BUNDLE_IDENTIFIER = com.github.yep.qrcode.QRcoder;
				PRODUCT_NAME = "$(TARGET_NAME)";
				REGISTER_APP_GROUPS = YES;
				SUPPORTED_PLATFORMS = "iphoneos iphonesimulator";
				SUPPORTS_MACCATALYST = YES;
				SUPPORTS_MAC_DESIGNED_FOR_IPHONE_IPAD = NO;
				SWIFT_VERSION = 6.0;
				TARGETED_DEVICE_FAMILY = "1,2";
			};
			name = Debug;
		};
		13D6F74C258A4A2B007DC4D0 /* Release */ = {
			isa = XCBuildConfiguration;
			buildSettings = {
				ASSETCATALOG_COMPILER_APPICON_NAME = AppIcon;
				ASSETCATALOG_COMPILER_GLOBAL_ACCENT_COLOR_NAME = AccentColor;
				CODE_SIGN_ENTITLEMENTS = QRcoder/QRcoder.entitlements;
				CURRENT_PROJECT_VERSION = 5;
				DEVELOPMENT_ASSET_PATHS = "\"QRcoder/Preview Content\"";
				ENABLE_PREVIEWS = YES;
				INFOPLIST_FILE = QRcoder/Info.plist;
				INFOPLIST_KEY_LSApplicationCategoryType = "public.app-category.utilities";
				IPHONEOS_DEPLOYMENT_TARGET = 15.6;
				LD_RUNPATH_SEARCH_PATHS = (
					"$(inherited)",
					"@executable_path/Frameworks",
				);
				MARKETING_VERSION = 1.2;
				PRODUCT_BUNDLE_IDENTIFIER = com.github.yep.qrcode.QRcoder;
				PRODUCT_NAME = "$(TARGET_NAME)";
				REGISTER_APP_GROUPS = YES;
				SUPPORTED_PLATFORMS = "iphoneos iphonesimulator";
				SUPPORTS_MACCATALYST = YES;
				SUPPORTS_MAC_DESIGNED_FOR_IPHONE_IPAD = NO;
				SWIFT_VERSION = 6.0;
				TARGETED_DEVICE_FAMILY = "1,2";
			};
			name = Release;
		};
/* End XCBuildConfiguration section */

/* Begin XCConfigurationList section */
		13D6F736258A4A29007DC4D0 /* Build configuration list for PBXProject "QRcoder" */ = {
			isa = XCConfigurationList;
			buildConfigurations = (
				13D6F748258A4A2B007DC4D0 /* Debug */,
				13D6F749258A4A2B007DC4D0 /* Release */,
			);
			defaultConfigurationIsVisible = 0;
			defaultConfigurationName = Release;
		};
		13D6F74A258A4A2B007DC4D0 /* Build configuration list for PBXNativeTarget "QRcoder" */ = {
			isa = XCConfigurationList;
			buildConfigurations = (
				13D6F74B258A4A2B007DC4D0 /* Debug */,
				13D6F74C258A4A2B007DC4D0 /* Release */,
			);
			defaultConfigurationIsVisible = 0;
			defaultConfigurationName = Release;
		};
/* End XCConfigurationList section */
	};
	rootObject = 13D6F733258A4A29007DC4D0 /* Project object */;
}
